// !$*UTF8*$!
{
	archiveVersion = 1;
	classes = {
	};
	objectVersion = 48;
	objects = {

/* Begin PBXBuildFile section */
		2425F4D21FB780A60074E6A4 /* TaskAPI.swift in Sources */ = {isa = PBXBuildFile; fileRef = 2425F4D11FB780A60074E6A4 /* TaskAPI.swift */; };
		2425F4D41FB790A60074E6A4 /* GradientView.swift in Sources */ = {isa = PBXBuildFile; fileRef = 2425F4D31FB790A60074E6A4 /* GradientView.swift */; };
		24A5C6AC1FB744FE002D544D /* AppDelegate.swift in Sources */ = {isa = PBXBuildFile; fileRef = 24A5C6AB1FB744FE002D544D /* AppDelegate.swift */; };
		24A5C6B31FB744FE002D544D /* Assets.xcassets in Resources */ = {isa = PBXBuildFile; fileRef = 24A5C6B21FB744FE002D544D /* Assets.xcassets */; };
		24A5C6B61FB744FE002D544D /* LaunchScreen.storyboard in Resources */ = {isa = PBXBuildFile; fileRef = 24A5C6B41FB744FE002D544D /* LaunchScreen.storyboard */; };
		24A5C6C11FB744FE002D544D /* twTests.swift in Sources */ = {isa = PBXBuildFile; fileRef = 24A5C6C01FB744FE002D544D /* twTests.swift */; };
		24A5C6D01FB749F7002D544D /* Coordinator.swift in Sources */ = {isa = PBXBuildFile; fileRef = 24A5C6CF1FB749F7002D544D /* Coordinator.swift */; };
		24A5C6D21FB74A23002D544D /* MainCoordinator.swift in Sources */ = {isa = PBXBuildFile; fileRef = 24A5C6D11FB74A23002D544D /* MainCoordinator.swift */; };
		24A5C6D41FB74AB3002D544D /* StyleSheet.swift in Sources */ = {isa = PBXBuildFile; fileRef = 24A5C6D31FB74AB3002D544D /* StyleSheet.swift */; };
		24A5C6D81FB74C1A002D544D /* TaskListViewController.swift in Sources */ = {isa = PBXBuildFile; fileRef = 24A5C6D61FB74C1A002D544D /* TaskListViewController.swift */; };
		24A5C6D91FB74C1A002D544D /* TaskListViewController.xib in Resources */ = {isa = PBXBuildFile; fileRef = 24A5C6D71FB74C1A002D544D /* TaskListViewController.xib */; };
		24A5C6DC1FB74E14002D544D /* TaskList.swift in Sources */ = {isa = PBXBuildFile; fileRef = 24A5C6DB1FB74E14002D544D /* TaskList.swift */; };
		24A5C6DE1FB74E1B002D544D /* Task.swift in Sources */ = {isa = PBXBuildFile; fileRef = 24A5C6DD1FB74E1B002D544D /* Task.swift */; };
		24A5C6E21FB74EBD002D544D /* TaskListCell.swift in Sources */ = {isa = PBXBuildFile; fileRef = 24A5C6E01FB74EBD002D544D /* TaskListCell.swift */; };
		24A5C6E31FB74EBD002D544D /* TaskListCell.xib in Resources */ = {isa = PBXBuildFile; fileRef = 24A5C6E11FB74EBD002D544D /* TaskListCell.xib */; };
		24A5C6E81FB74FFB002D544D /* LoadingCell.swift in Sources */ = {isa = PBXBuildFile; fileRef = 24A5C6E61FB74FFB002D544D /* LoadingCell.swift */; };
		24A5C6E91FB74FFB002D544D /* LoadingCell.xib in Resources */ = {isa = PBXBuildFile; fileRef = 24A5C6E71FB74FFB002D544D /* LoadingCell.xib */; };
		24A5C6EC1FB75527002D544D /* API.swift in Sources */ = {isa = PBXBuildFile; fileRef = 24A5C6EB1FB75527002D544D /* API.swift */; };
		24A5C6F01FB76270002D544D /* TaskListAPI.swift in Sources */ = {isa = PBXBuildFile; fileRef = 24A5C6EF1FB76270002D544D /* TaskListAPI.swift */; };
		24A5C6F41FB76870002D544D /* NewTaskViewController.swift in Sources */ = {isa = PBXBuildFile; fileRef = 24A5C6F21FB76870002D544D /* NewTaskViewController.swift */; };
		24A5C6F51FB76870002D544D /* NewTaskViewController.xib in Resources */ = {isa = PBXBuildFile; fileRef = 24A5C6F31FB76870002D544D /* NewTaskViewController.xib */; };
		24A5C6FA1FB768BD002D544D /* KeyboardFormHandler.swift in Sources */ = {isa = PBXBuildFile; fileRef = 24A5C6F71FB768BD002D544D /* KeyboardFormHandler.swift */; };
		24A5C6FB1FB768BD002D544D /* FormField.xib in Resources */ = {isa = PBXBuildFile; fileRef = 24A5C6F81FB768BD002D544D /* FormField.xib */; };
		24A5C6FC1FB768BD002D544D /* FormField.swift in Sources */ = {isa = PBXBuildFile; fileRef = 24A5C6F91FB768BD002D544D /* FormField.swift */; };
		24A5C6FF1FB7695A002D544D /* UIFormTextField.swift in Sources */ = {isa = PBXBuildFile; fileRef = 24A5C6FE1FB7695A002D544D /* UIFormTextField.swift */; };
		24A5C7011FB76C2E002D544D /* NewTaskCoordinator.swift in Sources */ = {isa = PBXBuildFile; fileRef = 24A5C7001FB76C2E002D544D /* NewTaskCoordinator.swift */; };
/* End PBXBuildFile section */

/* Begin PBXContainerItemProxy section */
		24A5C6BD1FB744FE002D544D /* PBXContainerItemProxy */ = {
			isa = PBXContainerItemProxy;
			containerPortal = 24A5C6A01FB744FD002D544D /* Project object */;
			proxyType = 1;
			remoteGlobalIDString = 24A5C6A71FB744FD002D544D;
			remoteInfo = tw;
		};
/* End PBXContainerItemProxy section */

/* Begin PBXFileReference section */
		2425F4D11FB780A60074E6A4 /* TaskAPI.swift */ = {isa = PBXFileReference; lastKnownFileType = sourcecode.swift; path = TaskAPI.swift; sourceTree = "<group>"; };
		2425F4D31FB790A60074E6A4 /* GradientView.swift */ = {isa = PBXFileReference; lastKnownFileType = sourcecode.swift; path = GradientView.swift; sourceTree = "<group>"; };
		24A5C6A81FB744FD002D544D /* tw.app */ = {isa = PBXFileReference; explicitFileType = wrapper.application; includeInIndex = 0; path = tw.app; sourceTree = BUILT_PRODUCTS_DIR; };
		24A5C6AB1FB744FE002D544D /* AppDelegate.swift */ = {isa = PBXFileReference; lastKnownFileType = sourcecode.swift; path = AppDelegate.swift; sourceTree = "<group>"; };
		24A5C6B21FB744FE002D544D /* Assets.xcassets */ = {isa = PBXFileReference; lastKnownFileType = folder.assetcatalog; path = Assets.xcassets; sourceTree = "<group>"; };
		24A5C6B51FB744FE002D544D /* Base */ = {isa = PBXFileReference; lastKnownFileType = file.storyboard; name = Base; path = Base.lproj/LaunchScreen.storyboard; sourceTree = "<group>"; };
		24A5C6B71FB744FE002D544D /* Info.plist */ = {isa = PBXFileReference; lastKnownFileType = text.plist.xml; path = Info.plist; sourceTree = "<group>"; };
		24A5C6BC1FB744FE002D544D /* twTests.xctest */ = {isa = PBXFileReference; explicitFileType = wrapper.cfbundle; includeInIndex = 0; path = twTests.xctest; sourceTree = BUILT_PRODUCTS_DIR; };
		24A5C6C01FB744FE002D544D /* twTests.swift */ = {isa = PBXFileReference; lastKnownFileType = sourcecode.swift; path = twTests.swift; sourceTree = "<group>"; };
		24A5C6C21FB744FE002D544D /* Info.plist */ = {isa = PBXFileReference; lastKnownFileType = text.plist.xml; path = Info.plist; sourceTree = "<group>"; };
		24A5C6CF1FB749F7002D544D /* Coordinator.swift */ = {isa = PBXFileReference; lastKnownFileType = sourcecode.swift; path = Coordinator.swift; sourceTree = "<group>"; };
		24A5C6D11FB74A23002D544D /* MainCoordinator.swift */ = {isa = PBXFileReference; lastKnownFileType = sourcecode.swift; path = MainCoordinator.swift; sourceTree = "<group>"; };
		24A5C6D31FB74AB3002D544D /* StyleSheet.swift */ = {isa = PBXFileReference; lastKnownFileType = sourcecode.swift; path = StyleSheet.swift; sourceTree = "<group>"; };
		24A5C6D61FB74C1A002D544D /* TaskListViewController.swift */ = {isa = PBXFileReference; lastKnownFileType = sourcecode.swift; path = TaskListViewController.swift; sourceTree = "<group>"; };
		24A5C6D71FB74C1A002D544D /* TaskListViewController.xib */ = {isa = PBXFileReference; lastKnownFileType = file.xib; path = TaskListViewController.xib; sourceTree = "<group>"; };
		24A5C6DB1FB74E14002D544D /* TaskList.swift */ = {isa = PBXFileReference; lastKnownFileType = sourcecode.swift; path = TaskList.swift; sourceTree = "<group>"; };
		24A5C6DD1FB74E1B002D544D /* Task.swift */ = {isa = PBXFileReference; lastKnownFileType = sourcecode.swift; path = Task.swift; sourceTree = "<group>"; };
		24A5C6E01FB74EBD002D544D /* TaskListCell.swift */ = {isa = PBXFileReference; lastKnownFileType = sourcecode.swift; path = TaskListCell.swift; sourceTree = "<group>"; };
		24A5C6E11FB74EBD002D544D /* TaskListCell.xib */ = {isa = PBXFileReference; lastKnownFileType = file.xib; path = TaskListCell.xib; sourceTree = "<group>"; };
		24A5C6E61FB74FFB002D544D /* LoadingCell.swift */ = {isa = PBXFileReference; lastKnownFileType = sourcecode.swift; path = LoadingCell.swift; sourceTree = "<group>"; };
		24A5C6E71FB74FFB002D544D /* LoadingCell.xib */ = {isa = PBXFileReference; lastKnownFileType = file.xib; path = LoadingCell.xib; sourceTree = "<group>"; };
		24A5C6EB1FB75527002D544D /* API.swift */ = {isa = PBXFileReference; lastKnownFileType = sourcecode.swift; path = API.swift; sourceTree = "<group>"; };
		24A5C6EF1FB76270002D544D /* TaskListAPI.swift */ = {isa = PBXFileReference; lastKnownFileType = sourcecode.swift; path = TaskListAPI.swift; sourceTree = "<group>"; };
		24A5C6F21FB76870002D544D /* NewTaskViewController.swift */ = {isa = PBXFileReference; lastKnownFileType = sourcecode.swift; path = NewTaskViewController.swift; sourceTree = "<group>"; };
		24A5C6F31FB76870002D544D /* NewTaskViewController.xib */ = {isa = PBXFileReference; lastKnownFileType = file.xib; path = NewTaskViewController.xib; sourceTree = "<group>"; };
		24A5C6F71FB768BD002D544D /* KeyboardFormHandler.swift */ = {isa = PBXFileReference; fileEncoding = 4; lastKnownFileType = sourcecode.swift; path = KeyboardFormHandler.swift; sourceTree = "<group>"; };
		24A5C6F81FB768BD002D544D /* FormField.xib */ = {isa = PBXFileReference; fileEncoding = 4; lastKnownFileType = file.xib; path = FormField.xib; sourceTree = "<group>"; };
		24A5C6F91FB768BD002D544D /* FormField.swift */ = {isa = PBXFileReference; fileEncoding = 4; lastKnownFileType = sourcecode.swift; path = FormField.swift; sourceTree = "<group>"; };
		24A5C6FE1FB7695A002D544D /* UIFormTextField.swift */ = {isa = PBXFileReference; lastKnownFileType = sourcecode.swift; path = UIFormTextField.swift; sourceTree = "<group>"; };
		24A5C7001FB76C2E002D544D /* NewTaskCoordinator.swift */ = {isa = PBXFileReference; lastKnownFileType = sourcecode.swift; path = NewTaskCoordinator.swift; sourceTree = "<group>"; };
/* End PBXFileReference section */

/* Begin PBXFrameworksBuildPhase section */
		24A5C6A51FB744FD002D544D /* Frameworks */ = {
			isa = PBXFrameworksBuildPhase;
			buildActionMask = 2147483647;
			files = (
			);
			runOnlyForDeploymentPostprocessing = 0;
		};
		24A5C6B91FB744FE002D544D /* Frameworks */ = {
			isa = PBXFrameworksBuildPhase;
			buildActionMask = 2147483647;
			files = (
			);
			runOnlyForDeploymentPostprocessing = 0;
		};
/* End PBXFrameworksBuildPhase section */

/* Begin PBXGroup section */
		24A5C69F1FB744FD002D544D = {
			isa = PBXGroup;
			children = (
				24A5C6AA1FB744FD002D544D /* tw */,
				24A5C6BF1FB744FE002D544D /* twTests */,
				24A5C6A91FB744FD002D544D /* Products */,
			);
			sourceTree = "<group>";
		};
		24A5C6A91FB744FD002D544D /* Products */ = {
			isa = PBXGroup;
			children = (
				24A5C6A81FB744FD002D544D /* tw.app */,
				24A5C6BC1FB744FE002D544D /* twTests.xctest */,
			);
			name = Products;
			sourceTree = "<group>";
		};
		24A5C6AA1FB744FD002D544D /* tw */ = {
			isa = PBXGroup;
			children = (
				24A5C6AB1FB744FE002D544D /* AppDelegate.swift */,
				24A5C6EA1FB75519002D544D /* API */,
				24A5C6FD1FB76939002D544D /* Subclasses */,
				24A5C6DA1FB74E06002D544D /* Models */,
				24A5C6CE1FB749E3002D544D /* Coordinators */,
				24A5C6CD1FB749BE002D544D /* Views */,
				24A5C6CB1FB749AB002D544D /* UI */,
				24A5C6B71FB744FE002D544D /* Info.plist */,
			);
			path = tw;
			sourceTree = "<group>";
		};
		24A5C6BF1FB744FE002D544D /* twTests */ = {
			isa = PBXGroup;
			children = (
				24A5C6C01FB744FE002D544D /* twTests.swift */,
				24A5C6C21FB744FE002D544D /* Info.plist */,
			);
			path = twTests;
			sourceTree = "<group>";
		};
		24A5C6CB1FB749AB002D544D /* UI */ = {
			isa = PBXGroup;
			children = (
				24A5C6B21FB744FE002D544D /* Assets.xcassets */,
				24A5C6B41FB744FE002D544D /* LaunchScreen.storyboard */,
				24A5C6D31FB74AB3002D544D /* StyleSheet.swift */,
			);
			path = UI;
			sourceTree = "<group>";
		};
		24A5C6CD1FB749BE002D544D /* Views */ = {
			isa = PBXGroup;
			children = (
				24A5C6F11FB7685D002D544D /* NewTask */,
				24A5C6D51FB74BE8002D544D /* TaskList */,
			);
			path = Views;
			sourceTree = "<group>";
		};
		24A5C6CE1FB749E3002D544D /* Coordinators */ = {
			isa = PBXGroup;
			children = (
				24A5C6CF1FB749F7002D544D /* Coordinator.swift */,
				24A5C6D11FB74A23002D544D /* MainCoordinator.swift */,
				24A5C7001FB76C2E002D544D /* NewTaskCoordinator.swift */,
			);
			path = Coordinators;
			sourceTree = "<group>";
		};
		24A5C6D51FB74BE8002D544D /* TaskList */ = {
			isa = PBXGroup;
			children = (
				24A5C6DF1FB74EAB002D544D /* Cells */,
				24A5C6D61FB74C1A002D544D /* TaskListViewController.swift */,
				24A5C6D71FB74C1A002D544D /* TaskListViewController.xib */,
			);
			path = TaskList;
			sourceTree = "<group>";
		};
		24A5C6DA1FB74E06002D544D /* Models */ = {
			isa = PBXGroup;
			children = (
				24A5C6DB1FB74E14002D544D /* TaskList.swift */,
				24A5C6DD1FB74E1B002D544D /* Task.swift */,
			);
			path = Models;
			sourceTree = "<group>";
		};
		24A5C6DF1FB74EAB002D544D /* Cells */ = {
			isa = PBXGroup;
			children = (
				24A5C6E51FB74FEE002D544D /* Loading */,
				24A5C6E41FB74FE3002D544D /* TaskList */,
			);
			path = Cells;
			sourceTree = "<group>";
		};
		24A5C6E41FB74FE3002D544D /* TaskList */ = {
			isa = PBXGroup;
			children = (
				24A5C6E01FB74EBD002D544D /* TaskListCell.swift */,
				24A5C6E11FB74EBD002D544D /* TaskListCell.xib */,
			);
			path = TaskList;
			sourceTree = "<group>";
		};
		24A5C6E51FB74FEE002D544D /* Loading */ = {
			isa = PBXGroup;
			children = (
				24A5C6E61FB74FFB002D544D /* LoadingCell.swift */,
				24A5C6E71FB74FFB002D544D /* LoadingCell.xib */,
			);
			path = Loading;
			sourceTree = "<group>";
		};
		24A5C6EA1FB75519002D544D /* API */ = {
			isa = PBXGroup;
			children = (
				24A5C6EB1FB75527002D544D /* API.swift */,
				24A5C6EF1FB76270002D544D /* TaskListAPI.swift */,
				2425F4D11FB780A60074E6A4 /* TaskAPI.swift */,
			);
			path = API;
			sourceTree = "<group>";
		};
		24A5C6F11FB7685D002D544D /* NewTask */ = {
			isa = PBXGroup;
			children = (
				24A5C6F61FB768B8002D544D /* Form */,
				24A5C6F21FB76870002D544D /* NewTaskViewController.swift */,
				24A5C6F31FB76870002D544D /* NewTaskViewController.xib */,
			);
			path = NewTask;
			sourceTree = "<group>";
		};
		24A5C6F61FB768B8002D544D /* Form */ = {
			isa = PBXGroup;
			children = (
				24A5C6F91FB768BD002D544D /* FormField.swift */,
				24A5C6F81FB768BD002D544D /* FormField.xib */,
				24A5C6F71FB768BD002D544D /* KeyboardFormHandler.swift */,
			);
			path = Form;
			sourceTree = "<group>";
		};
		24A5C6FD1FB76939002D544D /* Subclasses */ = {
			isa = PBXGroup;
			children = (
				24A5C6FE1FB7695A002D544D /* UIFormTextField.swift */,
				2425F4D31FB790A60074E6A4 /* GradientView.swift */,
			);
			path = Subclasses;
			sourceTree = "<group>";
		};
/* End PBXGroup section */

/* Begin PBXNativeTarget section */
		24A5C6A71FB744FD002D544D /* tw */ = {
			isa = PBXNativeTarget;
			buildConfigurationList = 24A5C6C51FB744FE002D544D /* Build configuration list for PBXNativeTarget "tw" */;
			buildPhases = (
				24A5C6A41FB744FD002D544D /* Sources */,
				24A5C6A51FB744FD002D544D /* Frameworks */,
				24A5C6A61FB744FD002D544D /* Resources */,
			);
			buildRules = (
			);
			dependencies = (
			);
			name = tw;
			productName = tw;
			productReference = 24A5C6A81FB744FD002D544D /* tw.app */;
			productType = "com.apple.product-type.application";
		};
		24A5C6BB1FB744FE002D544D /* twTests */ = {
			isa = PBXNativeTarget;
			buildConfigurationList = 24A5C6C81FB744FE002D544D /* Build configuration list for PBXNativeTarget "twTests" */;
			buildPhases = (
				24A5C6B81FB744FE002D544D /* Sources */,
				24A5C6B91FB744FE002D544D /* Frameworks */,
				24A5C6BA1FB744FE002D544D /* Resources */,
			);
			buildRules = (
			);
			dependencies = (
				24A5C6BE1FB744FE002D544D /* PBXTargetDependency */,
			);
			name = twTests;
			productName = twTests;
			productReference = 24A5C6BC1FB744FE002D544D /* twTests.xctest */;
			productType = "com.apple.product-type.bundle.unit-test";
		};
/* End PBXNativeTarget section */

/* Begin PBXProject section */
		24A5C6A01FB744FD002D544D /* Project object */ = {
			isa = PBXProject;
			attributes = {
				LastSwiftUpdateCheck = 0910;
				LastUpgradeCheck = 0910;
				ORGANIZATIONNAME = AramApps;
				TargetAttributes = {
					24A5C6A71FB744FD002D544D = {
						CreatedOnToolsVersion = 9.1;
						ProvisioningStyle = Automatic;
					};
					24A5C6BB1FB744FE002D544D = {
						CreatedOnToolsVersion = 9.1;
						ProvisioningStyle = Automatic;
						TestTargetID = 24A5C6A71FB744FD002D544D;
					};
				};
			};
			buildConfigurationList = 24A5C6A31FB744FD002D544D /* Build configuration list for PBXProject "tw" */;
			compatibilityVersion = "Xcode 8.0";
			developmentRegion = en;
			hasScannedForEncodings = 0;
			knownRegions = (
				en,
				Base,
			);
			mainGroup = 24A5C69F1FB744FD002D544D;
			productRefGroup = 24A5C6A91FB744FD002D544D /* Products */;
			projectDirPath = "";
			projectRoot = "";
			targets = (
				24A5C6A71FB744FD002D544D /* tw */,
				24A5C6BB1FB744FE002D544D /* twTests */,
			);
		};
/* End PBXProject section */

/* Begin PBXResourcesBuildPhase section */
		24A5C6A61FB744FD002D544D /* Resources */ = {
			isa = PBXResourcesBuildPhase;
			buildActionMask = 2147483647;
			files = (
				24A5C6E31FB74EBD002D544D /* TaskListCell.xib in Resources */,
				24A5C6B61FB744FE002D544D /* LaunchScreen.storyboard in Resources */,
				24A5C6F51FB76870002D544D /* NewTaskViewController.xib in Resources */,
				24A5C6D91FB74C1A002D544D /* TaskListViewController.xib in Resources */,
				24A5C6FB1FB768BD002D544D /* FormField.xib in Resources */,
				24A5C6E91FB74FFB002D544D /* LoadingCell.xib in Resources */,
				24A5C6B31FB744FE002D544D /* Assets.xcassets in Resources */,
			);
			runOnlyForDeploymentPostprocessing = 0;
		};
		24A5C6BA1FB744FE002D544D /* Resources */ = {
			isa = PBXResourcesBuildPhase;
			buildActionMask = 2147483647;
			files = (
			);
			runOnlyForDeploymentPostprocessing = 0;
		};
/* End PBXResourcesBuildPhase section */

/* Begin PBXSourcesBuildPhase section */
		24A5C6A41FB744FD002D544D /* Sources */ = {
			isa = PBXSourcesBuildPhase;
			buildActionMask = 2147483647;
			files = (
				2425F4D21FB780A60074E6A4 /* TaskAPI.swift in Sources */,
				24A5C6DC1FB74E14002D544D /* TaskList.swift in Sources */,
				24A5C6D01FB749F7002D544D /* Coordinator.swift in Sources */,
				24A5C6FA1FB768BD002D544D /* KeyboardFormHandler.swift in Sources */,
				24A5C6F01FB76270002D544D /* TaskListAPI.swift in Sources */,
				24A5C7011FB76C2E002D544D /* NewTaskCoordinator.swift in Sources */,
				24A5C6D41FB74AB3002D544D /* StyleSheet.swift in Sources */,
				24A5C6D21FB74A23002D544D /* MainCoordinator.swift in Sources */,
				2425F4D41FB790A60074E6A4 /* GradientView.swift in Sources */,
				24A5C6FF1FB7695A002D544D /* UIFormTextField.swift in Sources */,
				24A5C6EC1FB75527002D544D /* API.swift in Sources */,
				24A5C6E21FB74EBD002D544D /* TaskListCell.swift in Sources */,
				24A5C6AC1FB744FE002D544D /* AppDelegate.swift in Sources */,
				24A5C6E81FB74FFB002D544D /* LoadingCell.swift in Sources */,
				24A5C6DE1FB74E1B002D544D /* Task.swift in Sources */,
				24A5C6F41FB76870002D544D /* NewTaskViewController.swift in Sources */,
				24A5C6D81FB74C1A002D544D /* TaskListViewController.swift in Sources */,
				24A5C6FC1FB768BD002D544D /* FormField.swift in Sources */,
			);
			runOnlyForDeploymentPostprocessing = 0;
		};
		24A5C6B81FB744FE002D544D /* Sources */ = {
			isa = PBXSourcesBuildPhase;
			buildActionMask = 2147483647;
			files = (
				24A5C6C11FB744FE002D544D /* twTests.swift in Sources */,
			);
			runOnlyForDeploymentPostprocessing = 0;
		};
/* End PBXSourcesBuildPhase section */

/* Begin PBXTargetDependency section */
		24A5C6BE1FB744FE002D544D /* PBXTargetDependency */ = {
			isa = PBXTargetDependency;
			target = 24A5C6A71FB744FD002D544D /* tw */;
			targetProxy = 24A5C6BD1FB744FE002D544D /* PBXContainerItemProxy */;
		};
/* End PBXTargetDependency section */

/* Begin PBXVariantGroup section */
		24A5C6B41FB744FE002D544D /* LaunchScreen.storyboard */ = {
			isa = PBXVariantGroup;
			children = (
				24A5C6B51FB744FE002D544D /* Base */,
			);
			name = LaunchScreen.storyboard;
			sourceTree = "<group>";
		};
/* End PBXVariantGroup section */

/* Begin XCBuildConfiguration section */
		24A5C6C31FB744FE002D544D /* Debug */ = {
			isa = XCBuildConfiguration;
			buildSettings = {
				ALWAYS_SEARCH_USER_PATHS = NO;
				CLANG_ANALYZER_NONNULL = YES;
				CLANG_ANALYZER_NUMBER_OBJECT_CONVERSION = YES_AGGRESSIVE;
				CLANG_CXX_LANGUAGE_STANDARD = "gnu++14";
				CLANG_CXX_LIBRARY = "libc++";
				CLANG_ENABLE_MODULES = YES;
				CLANG_ENABLE_OBJC_ARC = YES;
				CLANG_WARN_BLOCK_CAPTURE_AUTORELEASING = YES;
				CLANG_WARN_BOOL_CONVERSION = YES;
				CLANG_WARN_COMMA = YES;
				CLANG_WARN_CONSTANT_CONVERSION = YES;
				CLANG_WARN_DIRECT_OBJC_ISA_USAGE = YES_ERROR;
				CLANG_WARN_DOCUMENTATION_COMMENTS = YES;
				CLANG_WARN_EMPTY_BODY = YES;
				CLANG_WARN_ENUM_CONVERSION = YES;
				CLANG_WARN_INFINITE_RECURSION = YES;
				CLANG_WARN_INT_CONVERSION = YES;
				CLANG_WARN_NON_LITERAL_NULL_CONVERSION = YES;
				CLANG_WARN_OBJC_LITERAL_CONVERSION = YES;
				CLANG_WARN_OBJC_ROOT_CLASS = YES_ERROR;
				CLANG_WARN_RANGE_LOOP_ANALYSIS = YES;
				CLANG_WARN_STRICT_PROTOTYPES = YES;
				CLANG_WARN_SUSPICIOUS_MOVE = YES;
				CLANG_WARN_UNGUARDED_AVAILABILITY = YES_AGGRESSIVE;
				CLANG_WARN_UNREACHABLE_CODE = YES;
				CLANG_WARN__DUPLICATE_METHOD_MATCH = YES;
				CODE_SIGN_IDENTITY = "iPhone Developer";
				COPY_PHASE_STRIP = NO;
				DEBUG_INFORMATION_FORMAT = dwarf;
				ENABLE_STRICT_OBJC_MSGSEND = YES;
				ENABLE_TESTABILITY = YES;
				GCC_C_LANGUAGE_STANDARD = gnu11;
				GCC_DYNAMIC_NO_PIC = NO;
				GCC_NO_COMMON_BLOCKS = YES;
				GCC_OPTIMIZATION_LEVEL = 0;
				GCC_PREPROCESSOR_DEFINITIONS = (
					"DEBUG=1",
					"$(inherited)",
				);
				GCC_WARN_64_TO_32_BIT_CONVERSION = YES;
				GCC_WARN_ABOUT_RETURN_TYPE = YES_ERROR;
				GCC_WARN_UNDECLARED_SELECTOR = YES;
				GCC_WARN_UNINITIALIZED_AUTOS = YES_AGGRESSIVE;
				GCC_WARN_UNUSED_FUNCTION = YES;
				GCC_WARN_UNUSED_VARIABLE = YES;
				IPHONEOS_DEPLOYMENT_TARGET = 11.1;
				MTL_ENABLE_DEBUG_INFO = YES;
				ONLY_ACTIVE_ARCH = YES;
				SDKROOT = iphoneos;
				SWIFT_ACTIVE_COMPILATION_CONDITIONS = DEBUG;
				SWIFT_OPTIMIZATION_LEVEL = "-Onone";
			};
			name = Debug;
		};
		24A5C6C41FB744FE002D544D /* Release */ = {
			isa = XCBuildConfiguration;
			buildSettings = {
				ALWAYS_SEARCH_USER_PATHS = NO;
				CLANG_ANALYZER_NONNULL = YES;
				CLANG_ANALYZER_NUMBER_OBJECT_CONVERSION = YES_AGGRESSIVE;
				CLANG_CXX_LANGUAGE_STANDARD = "gnu++14";
				CLANG_CXX_LIBRARY = "libc++";
				CLANG_ENABLE_MODULES = YES;
				CLANG_ENABLE_OBJC_ARC = YES;
				CLANG_WARN_BLOCK_CAPTURE_AUTORELEASING = YES;
				CLANG_WARN_BOOL_CONVERSION = YES;
				CLANG_WARN_COMMA = YES;
				CLANG_WARN_CONSTANT_CONVERSION = YES;
				CLANG_WARN_DIRECT_OBJC_ISA_USAGE = YES_ERROR;
				CLANG_WARN_DOCUMENTATION_COMMENTS = YES;
				CLANG_WARN_EMPTY_BODY = YES;
				CLANG_WARN_ENUM_CONVERSION = YES;
				CLANG_WARN_INFINITE_RECURSION = YES;
				CLANG_WARN_INT_CONVERSION = YES;
				CLANG_WARN_NON_LITERAL_NULL_CONVERSION = YES;
				CLANG_WARN_OBJC_LITERAL_CONVERSION = YES;
				CLANG_WARN_OBJC_ROOT_CLASS = YES_ERROR;
				CLANG_WARN_RANGE_LOOP_ANALYSIS = YES;
				CLANG_WARN_STRICT_PROTOTYPES = YES;
				CLANG_WARN_SUSPICIOUS_MOVE = YES;
				CLANG_WARN_UNGUARDED_AVAILABILITY = YES_AGGRESSIVE;
				CLANG_WARN_UNREACHABLE_CODE = YES;
				CLANG_WARN__DUPLICATE_METHOD_MATCH = YES;
				CODE_SIGN_IDENTITY = "iPhone Developer";
				COPY_PHASE_STRIP = NO;
				DEBUG_INFORMATION_FORMAT = "dwarf-with-dsym";
				ENABLE_NS_ASSERTIONS = NO;
				ENABLE_STRICT_OBJC_MSGSEND = YES;
				GCC_C_LANGUAGE_STANDARD = gnu11;
				GCC_NO_COMMON_BLOCKS = YES;
				GCC_WARN_64_TO_32_BIT_CONVERSION = YES;
				GCC_WARN_ABOUT_RETURN_TYPE = YES_ERROR;
				GCC_WARN_UNDECLARED_SELECTOR = YES;
				GCC_WARN_UNINITIALIZED_AUTOS = YES_AGGRESSIVE;
				GCC_WARN_UNUSED_FUNCTION = YES;
				GCC_WARN_UNUSED_VARIABLE = YES;
				IPHONEOS_DEPLOYMENT_TARGET = 11.1;
				MTL_ENABLE_DEBUG_INFO = NO;
				SDKROOT = iphoneos;
				SWIFT_OPTIMIZATION_LEVEL = "-Owholemodule";
				VALIDATE_PRODUCT = YES;
			};
			name = Release;
		};
		24A5C6C61FB744FE002D544D /* Debug */ = {
			isa = XCBuildConfiguration;
			buildSettings = {
				ASSETCATALOG_COMPILER_APPICON_NAME = AppIcon;
				CODE_SIGN_STYLE = Automatic;
				DEVELOPMENT_TEAM = NBJVAP7WQ7;
				INFOPLIST_FILE = tw/Info.plist;
				LD_RUNPATH_SEARCH_PATHS = "$(inherited) @executable_path/Frameworks";
				PRODUCT_BUNDLE_IDENTIFIER = com.aramapps.tw;
				PRODUCT_NAME = "$(TARGET_NAME)";
				SWIFT_VERSION = 3.0;
				TARGETED_DEVICE_FAMILY = "1,2";
			};
			name = Debug;
		};
		24A5C6C71FB744FE002D544D /* Release */ = {
			isa = XCBuildConfiguration;
			buildSettings = {
				ASSETCATALOG_COMPILER_APPICON_NAME = AppIcon;
				CODE_SIGN_STYLE = Automatic;
				DEVELOPMENT_TEAM = NBJVAP7WQ7;
				INFOPLIST_FILE = tw/Info.plist;
				LD_RUNPATH_SEARCH_PATHS = "$(inherited) @executable_path/Frameworks";
				PRODUCT_BUNDLE_IDENTIFIER = com.aramapps.tw;
				PRODUCT_NAME = "$(TARGET_NAME)";
				SWIFT_VERSION = 3.0;
				TARGETED_DEVICE_FAMILY = "1,2";
			};
			name = Release;
		};
		24A5C6C91FB744FE002D544D /* Debug */ = {
			isa = XCBuildConfiguration;
			buildSettings = {
				ALWAYS_EMBED_SWIFT_STANDARD_LIBRARIES = YES;
				BUNDLE_LOADER = "$(TEST_HOST)";
				CODE_SIGN_STYLE = Automatic;
				DEVELOPMENT_TEAM = NBJVAP7WQ7;
				INFOPLIST_FILE = twTests/Info.plist;
				LD_RUNPATH_SEARCH_PATHS = "$(inherited) @executable_path/Frameworks @loader_path/Frameworks";
				PRODUCT_BUNDLE_IDENTIFIER = com.aramapps.twTests;
				PRODUCT_NAME = "$(TARGET_NAME)";
				SWIFT_VERSION = 4.0;
				TARGETED_DEVICE_FAMILY = "1,2";
				TEST_HOST = "$(BUILT_PRODUCTS_DIR)/tw.app/tw";
			};
			name = Debug;
		};
		24A5C6CA1FB744FE002D544D /* Release */ = {
			isa = XCBuildConfiguration;
			buildSettings = {
				ALWAYS_EMBED_SWIFT_STANDARD_LIBRARIES = YES;
				BUNDLE_LOADER = "$(TEST_HOST)";
				CODE_SIGN_STYLE = Automatic;
				DEVELOPMENT_TEAM = NBJVAP7WQ7;
				INFOPLIST_FILE = twTests/Info.plist;
				LD_RUNPATH_SEARCH_PATHS = "$(inherited) @executable_path/Frameworks @loader_path/Frameworks";
				PRODUCT_BUNDLE_IDENTIFIER = com.aramapps.twTests;
				PRODUCT_NAME = "$(TARGET_NAME)";
				SWIFT_VERSION = 4.0;
				TARGETED_DEVICE_FAMILY = "1,2";
				TEST_HOST = "$(BUILT_PRODUCTS_DIR)/tw.app/tw";
			};
			name = Release;
		};
/* End XCBuildConfiguration section */

/* Begin XCConfigurationList section */
		24A5C6A31FB744FD002D544D /* Build configuration list for PBXProject "tw" */ = {
			isa = XCConfigurationList;
			buildConfigurations = (
				24A5C6C31FB744FE002D544D /* Debug */,
				24A5C6C41FB744FE002D544D /* Release */,
			);
			defaultConfigurationIsVisible = 0;
			defaultConfigurationName = Release;
		};
		24A5C6C51FB744FE002D544D /* Build configuration list for PBXNativeTarget "tw" */ = {
			isa = XCConfigurationList;
			buildConfigurations = (
				24A5C6C61FB744FE002D544D /* Debug */,
				24A5C6C71FB744FE002D544D /* Release */,
			);
			defaultConfigurationIsVisible = 0;
			defaultConfigurationName = Release;
		};
		24A5C6C81FB744FE002D544D /* Build configuration list for PBXNativeTarget "twTests" */ = {
			isa = XCConfigurationList;
			buildConfigurations = (
				24A5C6C91FB744FE002D544D /* Debug */,
				24A5C6CA1FB744FE002D544D /* Release */,
			);
			defaultConfigurationIsVisible = 0;
			defaultConfigurationName = Release;
		};
/* End XCConfigurationList section */
	};
	rootObject = 24A5C6A01FB744FD002D544D /* Project object */;
}
